schema: '2.0'
stages:
  make_dataset:
    cmd: python -m src.make_dataset --out data/churn.csv
    deps:
    - path: src/data.py
      hash: md5
      md5: 3d9525c2192e927dd4ae1736224b7b74
      size: 3245
    - path: src/make_dataset.py
      hash: md5
      md5: f284a137d3843e3d5d4681ce991257b5
      size: 1094
    params:
      params.yaml:
        dataset:
          n_samples: 2000
          seed: 42
          label_noise: 0.2
    outs:
    - path: data/churn.csv
      hash: md5
      md5: ea47c40410d774a7e323f0eb610f1092
      size: 33365
  train:
    cmd: python -m src.train --data-path data/churn.csv --output-dir outputs
    deps:
    - path: data/churn.csv
      hash: md5
      md5: ea47c40410d774a7e323f0eb610f1092
      size: 33365
    - path: src/train.py
      hash: md5
      md5: cc3b3b65ed4fe4d01eb41ff26c417b55
      size: 5640
    params:
      params.yaml:
        train:
          n_estimators: 200
          max_depth: 6
          test_size: 0.2
          random_state: 42
    outs:
    - path: outputs/metrics.json
      hash: md5
      md5: 1d7dd3cd83367684fa713b9fe9a21f67
      size: 65
    - path: outputs/model.joblib
      hash: md5
      md5: beb353183cbd73a984a3a1aef43f4d70
      size: 1134249
